
Microsoft Visual Studio Solution File, Format Version 12.00
# Visual Studio 2013
VisualStudioVersion = 12.0.21005.1
MinimumVisualStudioVersion = 10.0.40219.1
Project("{F2A71F9B-5D33-465A-A702-920D77279786}") = "Algorithms", "Algorithms\Algorithms.fsproj", "{53537898-8E4F-4458-856A-0DFC2D2500C3}"
EndProject
Project("{FAE04EC0-301F-11D3-BF4B-00C04F79EFBC}") = "AlgorthimTesting", "AlgorthimTesting\AlgorthimTesting.csproj", "{E22BA976-3789-49D2-B5ED-51029D3E39E4}"
EndProject
Global
	GlobalSection(SolutionConfigurationPlatforms) = preSolution
		Debug|x86 = Debug|x86
		Release|x86 = Release|x86
	EndGlobalSection
	GlobalSection(ProjectConfigurationPlatforms) = postSolution
		{53537898-8E4F-4458-856A-0DFC2D2500C3}.Debug|x86.ActiveCfg = Debug|x86
		{53537898-8E4F-4458-856A-0DFC2D2500C3}.Debug|x86.Build.0 = Debug|x86
		{53537898-8E4F-4458-856A-0DFC2D2500C3}.Release|x86.ActiveCfg = Release|x86
		{53537898-8E4F-4458-856A-0DFC2D2500C3}.Release|x86.Build.0 = Release|x86
		{E22BA976-3789-49D2-B5ED-51029D3E39E4}.Debug|x86.ActiveCfg = Debug|x86
		{E22BA976-3789-49D2-B5ED-51029D3E39E4}.Debug|x86.Build.0 = Debug|x86
		{E22BA976-3789-49D2-B5ED-51029D3E39E4}.Release|x86.ActiveCfg = Release|x86
		{E22BA976-3789-49D2-B5ED-51029D3E39E4}.Release|x86.Build.0 = Release|x86
	EndGlobalSection
	GlobalSection(SolutionProperties) = preSolution
		HideSolutionNode = FALSE
	EndGlobalSection
EndGlobal
